
Microsoft Visual Studio Solution File, Format Version 12.00
# Visual Studio Version 17
VisualStudioVersion = 17.11.35312.102
MinimumVisualStudioVersion = 10.0.40219.1
Project("{FAE04EC0-301F-11D3-BF4B-00C04F79EFBC}") = "shear for simple beam", "shear for simple beam\shear for simple beam.csproj", "{7E9908ED-7157-44C5-8EEE-3D704D272D84}"
EndProject
Global
	GlobalSection(SolutionConfigurationPlatforms) = preSolution
		Debug|Any CPU = Debug|Any CPU
		Release|Any CPU = Release|Any CPU
	EndGlobalSection
	GlobalSection(ProjectConfigurationPlatforms) = postSolution
		{7E9908ED-7157-44C5-8EEE-3D704D272D84}.Debug|Any CPU.ActiveCfg = Debug|Any CPU
		{7E9908ED-7157-44C5-8EEE-3D704D272D84}.Debug|Any CPU.Build.0 = Debug|Any CPU
		{7E9908ED-7157-44C5-8EEE-3D704D272D84}.Release|Any CPU.ActiveCfg = Release|Any CPU
		{7E9908ED-7157-44C5-8EEE-3D704D272D84}.Release|Any CPU.Build.0 = Release|Any CPU
	EndGlobalSection
	GlobalSection(SolutionProperties) = preSolution
		HideSolutionNode = FALSE
	EndGlobalSection
	GlobalSection(ExtensibilityGlobals) = postSolution
		SolutionGuid = {CECE2B70-0C64-4D7C-A785-47635C90C37C}
	EndGlobalSection
EndGlobal
